// !$*UTF8*$!
{
	archiveVersion = 1;
	classes = {
	};
	objectVersion = 51;
	objects = {

/* Begin PBXBuildFile section */
		1B027E1C2476091A0020F3BE /* ErrorMessageViewCell.swift in Sources */ = {isa = PBXBuildFile; fileRef = 1B027E1B2476091A0020F3BE /* ErrorMessageViewCell.swift */; };
		1B319B4B2462D7C00046EA00 /* AppDelegate.swift in Sources */ = {isa = PBXBuildFile; fileRef = 1B319B4A2462D7C00046EA00 /* AppDelegate.swift */; };
		1B319B4D2462D7C00046EA00 /* SceneDelegate.swift in Sources */ = {isa = PBXBuildFile; fileRef = 1B319B4C2462D7C00046EA00 /* SceneDelegate.swift */; };
		1B319B4F2462D7C00046EA00 /* ViewController.swift in Sources */ = {isa = PBXBuildFile; fileRef = 1B319B4E2462D7C00046EA00 /* ViewController.swift */; };
		1B319B522462D7C00046EA00 /* Main.storyboard in Resources */ = {isa = PBXBuildFile; fileRef = 1B319B502462D7C00046EA00 /* Main.storyboard */; };
		1B319B542462D7C80046EA00 /* Assets.xcassets in Resources */ = {isa = PBXBuildFile; fileRef = 1B319B532462D7C80046EA00 /* Assets.xcassets */; };
		1B319B572462D7C80046EA00 /* LaunchScreen.storyboard in Resources */ = {isa = PBXBuildFile; fileRef = 1B319B552462D7C80046EA00 /* LaunchScreen.storyboard */; };
		1B319B5F2462E5DA0046EA00 /* GoogleService-Info-2.plist in Resources */ = {isa = PBXBuildFile; fileRef = 1B319B5E2462E5DA0046EA00 /* GoogleService-Info-2.plist */; };
		1BBB1DA4247560C6000EC488 /* LoginViewCell.swift in Sources */ = {isa = PBXBuildFile; fileRef = 1BBB1DA3247560C6000EC488 /* LoginViewCell.swift */; };
		A5CC43ADB7ADFD9F19EED678 /* Pods_PracticeForFirebaseApp.framework in Frameworks */ = {isa = PBXBuildFile; fileRef = A81EB830EDDBA72B06463275 /* Pods_PracticeForFirebaseApp.framework */; };
/* End PBXBuildFile section */

/* Begin PBXFileReference section */
		1B027E1B2476091A0020F3BE /* ErrorMessageViewCell.swift */ = {isa = PBXFileReference; lastKnownFileType = sourcecode.swift; path = ErrorMessageViewCell.swift; sourceTree = "<group>"; };
		1B319B472462D7C00046EA00 /* PracticeForFirebaseApp.app */ = {isa = PBXFileReference; explicitFileType = wrapper.application; includeInIndex = 0; path = PracticeForFirebaseApp.app; sourceTree = BUILT_PRODUCTS_DIR; };
		1B319B4A2462D7C00046EA00 /* AppDelegate.swift */ = {isa = PBXFileReference; lastKnownFileType = sourcecode.swift; path = AppDelegate.swift; sourceTree = "<group>"; };
		1B319B4C2462D7C00046EA00 /* SceneDelegate.swift */ = {isa = PBXFileReference; lastKnownFileType = sourcecode.swift; path = SceneDelegate.swift; sourceTree = "<group>"; };
		1B319B4E2462D7C00046EA00 /* ViewController.swift */ = {isa = PBXFileReference; lastKnownFileType = sourcecode.swift; path = ViewController.swift; sourceTree = "<group>"; };
		1B319B512462D7C00046EA00 /* Base */ = {isa = PBXFileReference; lastKnownFileType = file.storyboard; name = Base; path = Base.lproj/Main.storyboard; sourceTree = "<group>"; };
		1B319B532462D7C80046EA00 /* Assets.xcassets */ = {isa = PBXFileReference; lastKnownFileType = folder.assetcatalog; path = Assets.xcassets; sourceTree = "<group>"; };
		1B319B562462D7C80046EA00 /* Base */ = {isa = PBXFileReference; lastKnownFileType = file.storyboard; name = Base; path = Base.lproj/LaunchScreen.storyboard; sourceTree = "<group>"; };
		1B319B582462D7C80046EA00 /* Info.plist */ = {isa = PBXFileReference; lastKnownFileType = text.plist.xml; path = Info.plist; sourceTree = "<group>"; };
		1B319B5E2462E5DA0046EA00 /* GoogleService-Info-2.plist */ = {isa = PBXFileReference; fileEncoding = 4; lastKnownFileType = text.plist.xml; name = "GoogleService-Info-2.plist"; path = "../../../../Downloads/GoogleService-Info-2.plist"; sourceTree = "<group>"; };
		1BBB1DA3247560C6000EC488 /* LoginViewCell.swift */ = {isa = PBXFileReference; lastKnownFileType = sourcecode.swift; path = LoginViewCell.swift; sourceTree = "<group>"; };
		5A1417785FC6D864151B3848 /* Pods-PracticeForFirebaseApp.release.xcconfig */ = {isa = PBXFileReference; includeInIndex = 1; lastKnownFileType = text.xcconfig; name = "Pods-PracticeForFirebaseApp.release.xcconfig"; path = "Target Support Files/Pods-PracticeForFirebaseApp/Pods-PracticeForFirebaseApp.release.xcconfig"; sourceTree = "<group>"; };
		A81EB830EDDBA72B06463275 /* Pods_PracticeForFirebaseApp.framework */ = {isa = PBXFileReference; explicitFileType = wrapper.framework; includeInIndex = 0; path = Pods_PracticeForFirebaseApp.framework; sourceTree = BUILT_PRODUCTS_DIR; };
		FEE1FBBF990DE757C59F3D73 /* Pods-PracticeForFirebaseApp.debug.xcconfig */ = {isa = PBXFileReference; includeInIndex = 1; lastKnownFileType = text.xcconfig; name = "Pods-PracticeForFirebaseApp.debug.xcconfig"; path = "Target Support Files/Pods-PracticeForFirebaseApp/Pods-PracticeForFirebaseApp.debug.xcconfig"; sourceTree = "<group>"; };
/* End PBXFileReference section */

/* Begin PBXFrameworksBuildPhase section */
		1B319B442462D7C00046EA00 /* Frameworks */ = {
			isa = PBXFrameworksBuildPhase;
			buildActionMask = 2147483647;
			files = (
				A5CC43ADB7ADFD9F19EED678 /* Pods_PracticeForFirebaseApp.framework in Frameworks */,
			);
			runOnlyForDeploymentPostprocessing = 0;
		};
/* End PBXFrameworksBuildPhase section */

/* Begin PBXGroup section */
		1B319B3E2462D7C00046EA00 = {
			isa = PBXGroup;
			children = (
				1B319B492462D7C00046EA00 /* PracticeForFirebaseApp */,
				1B319B482462D7C00046EA00 /* Products */,
				BFFB613AAC30DBB2BE195658 /* Pods */,
				D89A40313CB2FB3CB127E3CA /* Frameworks */,
			);
			sourceTree = "<group>";
		};
		1B319B482462D7C00046EA00 /* Products */ = {
			isa = PBXGroup;
			children = (
				1B319B472462D7C00046EA00 /* PracticeForFirebaseApp.app */,
			);
			name = Products;
			sourceTree = "<group>";
		};
		1B319B492462D7C00046EA00 /* PracticeForFirebaseApp */ = {
			isa = PBXGroup;
			children = (
				1B319B5E2462E5DA0046EA00 /* GoogleService-Info-2.plist */,
				1B319B4A2462D7C00046EA00 /* AppDelegate.swift */,
				1B319B4C2462D7C00046EA00 /* SceneDelegate.swift */,
				1B319B4E2462D7C00046EA00 /* ViewController.swift */,
				1B319B502462D7C00046EA00 /* Main.storyboard */,
				1B027E1B2476091A0020F3BE /* ErrorMessageViewCell.swift */,
				1BBB1DA3247560C6000EC488 /* LoginViewCell.swift */,
				1B319B532462D7C80046EA00 /* Assets.xcassets */,
				1B319B552462D7C80046EA00 /* LaunchScreen.storyboard */,
				1B319B582462D7C80046EA00 /* Info.plist */,
			);
			path = PracticeForFirebaseApp;
			sourceTree = "<group>";
		};
		BFFB613AAC30DBB2BE195658 /* Pods */ = {
			isa = PBXGroup;
			children = (
				FEE1FBBF990DE757C59F3D73 /* Pods-PracticeForFirebaseApp.debug.xcconfig */,
				5A1417785FC6D864151B3848 /* Pods-PracticeForFirebaseApp.release.xcconfig */,
			);
			path = Pods;
			sourceTree = "<group>";
		};
		D89A40313CB2FB3CB127E3CA /* Frameworks */ = {
			isa = PBXGroup;
			children = (
				A81EB830EDDBA72B06463275 /* Pods_PracticeForFirebaseApp.framework */,
			);
			name = Frameworks;
			sourceTree = "<group>";
		};
/* End PBXGroup section */

/* Begin PBXNativeTarget section */
		1B319B462462D7C00046EA00 /* PracticeForFirebaseApp */ = {
			isa = PBXNativeTarget;
			buildConfigurationList = 1B319B5B2462D7C80046EA00 /* Build configuration list for PBXNativeTarget "PracticeForFirebaseApp" */;
			buildPhases = (
				1EC20D46A8D6FB7400E86057 /* [CP] Check Pods Manifest.lock */,
				1B319B432462D7C00046EA00 /* Sources */,
				1B319B442462D7C00046EA00 /* Frameworks */,
				1B319B452462D7C00046EA00 /* Resources */,
				AD0EA08DF86AF475252BD2F2 /* [CP] Embed Pods Frameworks */,
			);
			buildRules = (
			);
			dependencies = (
			);
			name = PracticeForFirebaseApp;
			productName = PracticeForFirebaseApp;
			productReference = 1B319B472462D7C00046EA00 /* PracticeForFirebaseApp.app */;
			productType = "com.apple.product-type.application";
		};
/* End PBXNativeTarget section */

/* Begin PBXProject section */
		1B319B3F2462D7C00046EA00 /* Project object */ = {
			isa = PBXProject;
			attributes = {
				LastSwiftUpdateCheck = 1130;
				LastUpgradeCheck = 1130;
				ORGANIZATIONNAME = "Sky-Angel";
				TargetAttributes = {
					1B319B462462D7C00046EA00 = {
						CreatedOnToolsVersion = 11.3.1;
					};
				};
			};
			buildConfigurationList = 1B319B422462D7C00046EA00 /* Build configuration list for PBXProject "PracticeForFirebaseApp" */;
			compatibilityVersion = "Xcode 9.3";
			developmentRegion = en;
			hasScannedForEncodings = 0;
			knownRegions = (
				en,
				Base,
			);
			mainGroup = 1B319B3E2462D7C00046EA00;
			productRefGroup = 1B319B482462D7C00046EA00 /* Products */;
			projectDirPath = "";
			projectRoot = "";
			targets = (
				1B319B462462D7C00046EA00 /* PracticeForFirebaseApp */,
			);
		};
/* End PBXProject section */

/* Begin PBXResourcesBuildPhase section */
		1B319B452462D7C00046EA00 /* Resources */ = {
			isa = PBXResourcesBuildPhase;
			buildActionMask = 2147483647;
			files = (
				1B319B572462D7C80046EA00 /* LaunchScreen.storyboard in Resources */,
				1B319B542462D7C80046EA00 /* Assets.xcassets in Resources */,
				1B319B5F2462E5DA0046EA00 /* GoogleService-Info-2.plist in Resources */,
				1B319B522462D7C00046EA00 /* Main.storyboard in Resources */,
			);
			runOnlyForDeploymentPostprocessing = 0;
		};
/* End PBXResourcesBuildPhase section */

/* Begin PBXShellScriptBuildPhase section */
		1EC20D46A8D6FB7400E86057 /* [CP] Check Pods Manifest.lock */ = {
			isa = PBXShellScriptBuildPhase;
			buildActionMask = 2147483647;
			files = (
			);
			inputFileListPaths = (
			);
			inputPaths = (
				"${PODS_PODFILE_DIR_PATH}/Podfile.lock",
				"${PODS_ROOT}/Manifest.lock",
			);
			name = "[CP] Check Pods Manifest.lock";
			outputFileListPaths = (
			);
			outputPaths = (
				"$(DERIVED_FILE_DIR)/Pods-PracticeForFirebaseApp-checkManifestLockResult.txt",
			);
			runOnlyForDeploymentPostprocessing = 0;
			shellPath = /bin/sh;
			shellScript = "diff \"${PODS_PODFILE_DIR_PATH}/Podfile.lock\" \"${PODS_ROOT}/Manifest.lock\" > /dev/null\nif [ $? != 0 ] ; then\n    # print error to STDERR\n    echo \"error: The sandbox is not in sync with the Podfile.lock. Run 'pod install' or update your CocoaPods installation.\" >&2\n    exit 1\nfi\n# This output is used by Xcode 'outputs' to avoid re-running this script phase.\necho \"SUCCESS\" > \"${SCRIPT_OUTPUT_FILE_0}\"\n";
			showEnvVarsInLog = 0;
		};
		AD0EA08DF86AF475252BD2F2 /* [CP] Embed Pods Frameworks */ = {
			isa = PBXShellScriptBuildPhase;
			buildActionMask = 2147483647;
			files = (
			);
			inputFileListPaths = (
				"${PODS_ROOT}/Target Support Files/Pods-PracticeForFirebaseApp/Pods-PracticeForFirebaseApp-frameworks-${CONFIGURATION}-input-files.xcfilelist",
			);
			name = "[CP] Embed Pods Frameworks";
			outputFileListPaths = (
				"${PODS_ROOT}/Target Support Files/Pods-PracticeForFirebaseApp/Pods-PracticeForFirebaseApp-frameworks-${CONFIGURATION}-output-files.xcfilelist",
			);
			runOnlyForDeploymentPostprocessing = 0;
			shellPath = /bin/sh;
			shellScript = "\"${PODS_ROOT}/Target Support Files/Pods-PracticeForFirebaseApp/Pods-PracticeForFirebaseApp-frameworks.sh\"\n";
			showEnvVarsInLog = 0;
		};
/* End PBXShellScriptBuildPhase section */

/* Begin PBXSourcesBuildPhase section */
		1B319B432462D7C00046EA00 /* Sources */ = {
			isa = PBXSourcesBuildPhase;
			buildActionMask = 2147483647;
			files = (
				1B319B4F2462D7C00046EA00 /* ViewController.swift in Sources */,
				1B319B4B2462D7C00046EA00 /* AppDelegate.swift in Sources */,
				1BBB1DA4247560C6000EC488 /* LoginViewCell.swift in Sources */,
				1B027E1C2476091A0020F3BE /* ErrorMessageViewCell.swift in Sources */,
				1B319B4D2462D7C00046EA00 /* SceneDelegate.swift in Sources */,
			);
			runOnlyForDeploymentPostprocessing = 0;
		};
/* End PBXSourcesBuildPhase section */

/* Begin PBXVariantGroup section */
		1B319B502462D7C00046EA00 /* Main.storyboard */ = {
			isa = PBXVariantGroup;
			children = (
				1B319B512462D7C00046EA00 /* Base */,
			);
			name = Main.storyboard;
			sourceTree = "<group>";
		};
		1B319B552462D7C80046EA00 /* LaunchScreen.storyboard */ = {
			isa = PBXVariantGroup;
			children = (
				1B319B562462D7C80046EA00 /* Base */,
			);
			name = LaunchScreen.storyboard;
			sourceTree = "<group>";
		};
/* End PBXVariantGroup section */

/* Begin XCBuildConfiguration section */
		1B319B592462D7C80046EA00 /* Debug */ = {
			isa = XCBuildConfiguration;
			buildSettings = {
				ALWAYS_SEARCH_USER_PATHS = NO;
				CLANG_ANALYZER_NONNULL = YES;
				CLANG_ANALYZER_NUMBER_OBJECT_CONVERSION = YES_AGGRESSIVE;
				CLANG_CXX_LANGUAGE_STANDARD = "gnu++14";
				CLANG_CXX_LIBRARY = "libc++";
				CLANG_ENABLE_MODULES = YES;
				CLANG_ENABLE_OBJC_ARC = YES;
				CLANG_ENABLE_OBJC_WEAK = YES;
				CLANG_WARN_BLOCK_CAPTURE_AUTORELEASING = YES;
				CLANG_WARN_BOOL_CONVERSION = YES;
				CLANG_WARN_COMMA = YES;
				CLANG_WARN_CONSTANT_CONVERSION = YES;
				CLANG_WARN_DEPRECATED_OBJC_IMPLEMENTATIONS = YES;
				CLANG_WARN_DIRECT_OBJC_ISA_USAGE = YES_ERROR;
				CLANG_WARN_DOCUMENTATION_COMMENTS = YES;
				CLANG_WARN_EMPTY_BODY = YES;
				CLANG_WARN_ENUM_CONVERSION = YES;
				CLANG_WARN_INFINITE_RECURSION = YES;
				CLANG_WARN_INT_CONVERSION = YES;
				CLANG_WARN_NON_LITERAL_NULL_CONVERSION = YES;
				CLANG_WARN_OBJC_IMPLICIT_RETAIN_SELF = YES;
				CLANG_WARN_OBJC_LITERAL_CONVERSION = YES;
				CLANG_WARN_OBJC_ROOT_CLASS = YES_ERROR;
				CLANG_WARN_RANGE_LOOP_ANALYSIS = YES;
				CLANG_WARN_STRICT_PROTOTYPES = YES;
				CLANG_WARN_SUSPICIOUS_MOVE = YES;
				CLANG_WARN_UNGUARDED_AVAILABILITY = YES_AGGRESSIVE;
				CLANG_WARN_UNREACHABLE_CODE = YES;
				CLANG_WARN__DUPLICATE_METHOD_MATCH = YES;
				COPY_PHASE_STRIP = NO;
				DEBUG_INFORMATION_FORMAT = dwarf;
				ENABLE_STRICT_OBJC_MSGSEND = YES;
				ENABLE_TESTABILITY = YES;
				GCC_C_LANGUAGE_STANDARD = gnu11;
				GCC_DYNAMIC_NO_PIC = NO;
				GCC_NO_COMMON_BLOCKS = YES;
				GCC_OPTIMIZATION_LEVEL = 0;
				GCC_PREPROCESSOR_DEFINITIONS = (
					"DEBUG=1",
					"$(inherited)",
				);
				GCC_WARN_64_TO_32_BIT_CONVERSION = YES;
				GCC_WARN_ABOUT_RETURN_TYPE = YES_ERROR;
				GCC_WARN_UNDECLARED_SELECTOR = YES;
				GCC_WARN_UNINITIALIZED_AUTOS = YES_AGGRESSIVE;
				GCC_WARN_UNUSED_FUNCTION = YES;
				GCC_WARN_UNUSED_VARIABLE = YES;
				IPHONEOS_DEPLOYMENT_TARGET = 13.2;
				MTL_ENABLE_DEBUG_INFO = INCLUDE_SOURCE;
				MTL_FAST_MATH = YES;
				ONLY_ACTIVE_ARCH = YES;
				SDKROOT = iphoneos;
				SWIFT_ACTIVE_COMPILATION_CONDITIONS = DEBUG;
				SWIFT_OPTIMIZATION_LEVEL = "-Onone";
			};
			name = Debug;
		};
		1B319B5A2462D7C80046EA00 /* Release */ = {
			isa = XCBuildConfiguration;
			buildSettings = {
				ALWAYS_SEARCH_USER_PATHS = NO;
				CLANG_ANALYZER_NONNULL = YES;
				CLANG_ANALYZER_NUMBER_OBJECT_CONVERSION = YES_AGGRESSIVE;
				CLANG_CXX_LANGUAGE_STANDARD = "gnu++14";
				CLANG_CXX_LIBRARY = "libc++";
				CLANG_ENABLE_MODULES = YES;
				CLANG_ENABLE_OBJC_ARC = YES;
				CLANG_ENABLE_OBJC_WEAK = YES;
				CLANG_WARN_BLOCK_CAPTURE_AUTORELEASING = YES;
				CLANG_WARN_BOOL_CONVERSION = YES;
				CLANG_WARN_COMMA = YES;
				CLANG_WARN_CONSTANT_CONVERSION = YES;
				CLANG_WARN_DEPRECATED_OBJC_IMPLEMENTATIONS = YES;
				CLANG_WARN_DIRECT_OBJC_ISA_USAGE = YES_ERROR;
				CLANG_WARN_DOCUMENTATION_COMMENTS = YES;
				CLANG_WARN_EMPTY_BODY = YES;
				CLANG_WARN_ENUM_CONVERSION = YES;
				CLANG_WARN_INFINITE_RECURSION = YES;
				CLANG_WARN_INT_CONVERSION = YES;
				CLANG_WARN_NON_LITERAL_NULL_CONVERSION = YES;
				CLANG_WARN_OBJC_IMPLICIT_RETAIN_SELF = YES;
				CLANG_WARN_OBJC_LITERAL_CONVERSION = YES;
				CLANG_WARN_OBJC_ROOT_CLASS = YES_ERROR;
				CLANG_WARN_RANGE_LOOP_ANALYSIS = YES;
				CLANG_WARN_STRICT_PROTOTYPES = YES;
				CLANG_WARN_SUSPICIOUS_MOVE = YES;
				CLANG_WARN_UNGUARDED_AVAILABILITY = YES_AGGRESSIVE;
				CLANG_WARN_UNREACHABLE_CODE = YES;
				CLANG_WARN__DUPLICATE_METHOD_MATCH = YES;
				COPY_PHASE_STRIP = NO;
				DEBUG_INFORMATION_FORMAT = "dwarf-with-dsym";
				ENABLE_NS_ASSERTIONS = NO;
				ENABLE_STRICT_OBJC_MSGSEND = YES;
				GCC_C_LANGUAGE_STANDARD = gnu11;
				GCC_NO_COMMON_BLOCKS = YES;
				GCC_WARN_64_TO_32_BIT_CONVERSION = YES;
				GCC_WARN_ABOUT_RETURN_TYPE = YES_ERROR;
				GCC_WARN_UNDECLARED_SELECTOR = YES;
				GCC_WARN_UNINITIALIZED_AUTOS = YES_AGGRESSIVE;
				GCC_WARN_UNUSED_FUNCTION = YES;
				GCC_WARN_UNUSED_VARIABLE = YES;
				IPHONEOS_DEPLOYMENT_TARGET = 13.2;
				MTL_ENABLE_DEBUG_INFO = NO;
				MTL_FAST_MATH = YES;
				SDKROOT = iphoneos;
				SWIFT_COMPILATION_MODE = wholemodule;
				SWIFT_OPTIMIZATION_LEVEL = "-O";
				VALIDATE_PRODUCT = YES;
			};
			name = Release;
		};
		1B319B5C2462D7C80046EA00 /* Debug */ = {
			isa = XCBuildConfiguration;
			baseConfigurationReference = FEE1FBBF990DE757C59F3D73 /* Pods-PracticeForFirebaseApp.debug.xcconfig */;
			buildSettings = {
				ASSETCATALOG_COMPILER_APPICON_NAME = AppIcon;
				CODE_SIGN_STYLE = Automatic;
				DEVELOPMENT_TEAM = 979976L4RG;
				INFOPLIST_FILE = PracticeForFirebaseApp/Info.plist;
				LD_RUNPATH_SEARCH_PATHS = (
					"$(inherited)",
					"@executable_path/Frameworks",
				);
				PRODUCT_BUNDLE_IDENTIFIER = com.google.makeyourselfupgrade.PracticeForFirebaseApp;
				PRODUCT_NAME = "$(TARGET_NAME)";
				SWIFT_VERSION = 5.0;
				TARGETED_DEVICE_FAMILY = "1,2";
			};
			name = Debug;
		};
		1B319B5D2462D7C80046EA00 /* Release */ = {
			isa = XCBuildConfiguration;
			baseConfigurationReference = 5A1417785FC6D864151B3848 /* Pods-PracticeForFirebaseApp.release.xcconfig */;
			buildSettings = {
				ASSETCATALOG_COMPILER_APPICON_NAME = AppIcon;
				CODE_SIGN_STYLE = Automatic;
				DEVELOPMENT_TEAM = 979976L4RG;
				INFOPLIST_FILE = PracticeForFirebaseApp/Info.plist;
				LD_RUNPATH_SEARCH_PATHS = (
					"$(inherited)",
					"@executable_path/Frameworks",
				);
				PRODUCT_BUNDLE_IDENTIFIER = com.google.makeyourselfupgrade.PracticeForFirebaseApp;
				PRODUCT_NAME = "$(TARGET_NAME)";
				SWIFT_VERSION = 5.0;
				TARGETED_DEVICE_FAMILY = "1,2";
			};
			name = Release;
		};
/* End XCBuildConfiguration section */

/* Begin XCConfigurationList section */
		1B319B422462D7C00046EA00 /* Build configuration list for PBXProject "PracticeForFirebaseApp" */ = {
			isa = XCConfigurationList;
			buildConfigurations = (
				1B319B592462D7C80046EA00 /* Debug */,
				1B319B5A2462D7C80046EA00 /* Release */,
			);
			defaultConfigurationIsVisible = 0;
			defaultConfigurationName = Release;
		};
		1B319B5B2462D7C80046EA00 /* Build configuration list for PBXNativeTarget "PracticeForFirebaseApp" */ = {
			isa = XCConfigurationList;
			buildConfigurations = (
				1B319B5C2462D7C80046EA00 /* Debug */,
				1B319B5D2462D7C80046EA00 /* Release */,
			);
			defaultConfigurationIsVisible = 0;
			defaultConfigurationName = Release;
		};
/* End XCConfigurationList section */
	};
	rootObject = 1B319B3F2462D7C00046EA00 /* Project object */;
}
