// !$*UTF8*$!
{
	archiveVersion = 1;
	classes = {
	};
	objectVersion = 50;
	objects = {

/* Begin PBXBuildFile section */
		1B074D21244A07BE0000E4A3 /* TimelineViewCell.swift in Sources */ = {isa = PBXBuildFile; fileRef = 1B074D1F244A07BE0000E4A3 /* TimelineViewCell.swift */; };
		1B074D22244A07BE0000E4A3 /* TimelineViewCell.xib in Resources */ = {isa = PBXBuildFile; fileRef = 1B074D20244A07BE0000E4A3 /* TimelineViewCell.xib */; };
		1B22B1C6240E8F6C00A7FEE3 /* AppDelegate.swift in Sources */ = {isa = PBXBuildFile; fileRef = 1B22B1C5240E8F6C00A7FEE3 /* AppDelegate.swift */; };
		1B22B1C8240E8F6C00A7FEE3 /* SceneDelegate.swift in Sources */ = {isa = PBXBuildFile; fileRef = 1B22B1C7240E8F6C00A7FEE3 /* SceneDelegate.swift */; };
		1B22B1CA240E8F6C00A7FEE3 /* ViewController.swift in Sources */ = {isa = PBXBuildFile; fileRef = 1B22B1C9240E8F6C00A7FEE3 /* ViewController.swift */; };
		1B22B1CD240E8F6C00A7FEE3 /* Main.storyboard in Resources */ = {isa = PBXBuildFile; fileRef = 1B22B1CB240E8F6C00A7FEE3 /* Main.storyboard */; };
		1B22B1CF240E8F6D00A7FEE3 /* Assets.xcassets in Resources */ = {isa = PBXBuildFile; fileRef = 1B22B1CE240E8F6D00A7FEE3 /* Assets.xcassets */; };
		1B22B1D2240E8F6D00A7FEE3 /* LaunchScreen.storyboard in Resources */ = {isa = PBXBuildFile; fileRef = 1B22B1D0240E8F6D00A7FEE3 /* LaunchScreen.storyboard */; };
		1B30A4D024125729006816DC /* RestaurantsTableViewCell.swift in Sources */ = {isa = PBXBuildFile; fileRef = 1B30A4CE24125729006816DC /* RestaurantsTableViewCell.swift */; };
		1B30A4D124125729006816DC /* RestaurantsTableViewCell.xib in Resources */ = {isa = PBXBuildFile; fileRef = 1B30A4CF24125729006816DC /* RestaurantsTableViewCell.xib */; };
		1B45F11B24408A0100CB749B /* CollectionViewCell.swift in Sources */ = {isa = PBXBuildFile; fileRef = 1B45F11924408A0100CB749B /* CollectionViewCell.swift */; };
		1B45F11C24408A0100CB749B /* CollectionViewCell.xib in Resources */ = {isa = PBXBuildFile; fileRef = 1B45F11A24408A0100CB749B /* CollectionViewCell.xib */; };
		1B4D02F02454B9E5001CDFCD /* GoogleService-Info.plist in Resources */ = {isa = PBXBuildFile; fileRef = 1B4D02EF2454B9E5001CDFCD /* GoogleService-Info.plist */; };
		1BC5FA8F241106010015AFDE /* SearchViewController.swift in Sources */ = {isa = PBXBuildFile; fileRef = 1BC5FA8E241106010015AFDE /* SearchViewController.swift */; };
		1BC5FA9324112B9E0015AFDE /* restaurantslistViewController.swift in Sources */ = {isa = PBXBuildFile; fileRef = 1BC5FA9224112B9E0015AFDE /* restaurantslistViewController.swift */; };
		1BDFA6A9240FD763002B8B2B /* StartPageViewController.swift in Sources */ = {isa = PBXBuildFile; fileRef = 1BDFA6A8240FD763002B8B2B /* StartPageViewController.swift */; };
		1BDFA6AC240FDABA002B8B2B /* TableViewCell.swift in Sources */ = {isa = PBXBuildFile; fileRef = 1BDFA6AA240FDABA002B8B2B /* TableViewCell.swift */; };
		1BDFA6AD240FDABA002B8B2B /* TableViewCell.xib in Resources */ = {isa = PBXBuildFile; fileRef = 1BDFA6AB240FDABA002B8B2B /* TableViewCell.xib */; };
		1BDFA6AF240FDD5D002B8B2B /* WelcomeBackViewController.swift in Sources */ = {isa = PBXBuildFile; fileRef = 1BDFA6AE240FDD5D002B8B2B /* WelcomeBackViewController.swift */; };
		1BDFA6B1240FDD84002B8B2B /* CreateNewAccountViewController.swift in Sources */ = {isa = PBXBuildFile; fileRef = 1BDFA6B0240FDD84002B8B2B /* CreateNewAccountViewController.swift */; };
		1BDFA6B3240FDE07002B8B2B /* HomeViewController.swift in Sources */ = {isa = PBXBuildFile; fileRef = 1BDFA6B2240FDE07002B8B2B /* HomeViewController.swift */; };
		E009957FE773517FE22FD9A1 /* Pods_Catering.framework in Frameworks */ = {isa = PBXBuildFile; fileRef = C5F6C042CFCB149B690A208B /* Pods_Catering.framework */; };
/* End PBXBuildFile section */

/* Begin PBXFileReference section */
		1B074D1F244A07BE0000E4A3 /* TimelineViewCell.swift */ = {isa = PBXFileReference; lastKnownFileType = sourcecode.swift; path = TimelineViewCell.swift; sourceTree = "<group>"; };
		1B074D20244A07BE0000E4A3 /* TimelineViewCell.xib */ = {isa = PBXFileReference; lastKnownFileType = file.xib; path = TimelineViewCell.xib; sourceTree = "<group>"; };
		1B22B1C2240E8F6C00A7FEE3 /* Catering.app */ = {isa = PBXFileReference; explicitFileType = wrapper.application; includeInIndex = 0; path = Catering.app; sourceTree = BUILT_PRODUCTS_DIR; };
		1B22B1C5240E8F6C00A7FEE3 /* AppDelegate.swift */ = {isa = PBXFileReference; lastKnownFileType = sourcecode.swift; path = AppDelegate.swift; sourceTree = "<group>"; };
		1B22B1C7240E8F6C00A7FEE3 /* SceneDelegate.swift */ = {isa = PBXFileReference; lastKnownFileType = sourcecode.swift; path = SceneDelegate.swift; sourceTree = "<group>"; };
		1B22B1C9240E8F6C00A7FEE3 /* ViewController.swift */ = {isa = PBXFileReference; lastKnownFileType = sourcecode.swift; path = ViewController.swift; sourceTree = "<group>"; };
		1B22B1CC240E8F6C00A7FEE3 /* Base */ = {isa = PBXFileReference; lastKnownFileType = file.storyboard; name = Base; path = Base.lproj/Main.storyboard; sourceTree = "<group>"; };
		1B22B1CE240E8F6D00A7FEE3 /* Assets.xcassets */ = {isa = PBXFileReference; lastKnownFileType = folder.assetcatalog; path = Assets.xcassets; sourceTree = "<group>"; };
		1B22B1D1240E8F6D00A7FEE3 /* Base */ = {isa = PBXFileReference; lastKnownFileType = file.storyboard; name = Base; path = Base.lproj/LaunchScreen.storyboard; sourceTree = "<group>"; };
		1B22B1D3240E8F6D00A7FEE3 /* Info.plist */ = {isa = PBXFileReference; lastKnownFileType = text.plist.xml; path = Info.plist; sourceTree = "<group>"; };
		1B30A4CE24125729006816DC /* RestaurantsTableViewCell.swift */ = {isa = PBXFileReference; lastKnownFileType = sourcecode.swift; path = RestaurantsTableViewCell.swift; sourceTree = "<group>"; };
		1B30A4CF24125729006816DC /* RestaurantsTableViewCell.xib */ = {isa = PBXFileReference; lastKnownFileType = file.xib; path = RestaurantsTableViewCell.xib; sourceTree = "<group>"; };
		1B45F11924408A0100CB749B /* CollectionViewCell.swift */ = {isa = PBXFileReference; lastKnownFileType = sourcecode.swift; path = CollectionViewCell.swift; sourceTree = "<group>"; };
		1B45F11A24408A0100CB749B /* CollectionViewCell.xib */ = {isa = PBXFileReference; lastKnownFileType = file.xib; path = CollectionViewCell.xib; sourceTree = "<group>"; };
		1B4D02EF2454B9E5001CDFCD /* GoogleService-Info.plist */ = {isa = PBXFileReference; fileEncoding = 4; lastKnownFileType = text.plist.xml; name = "GoogleService-Info.plist"; path = "../../../../Downloads/GoogleService-Info.plist"; sourceTree = "<group>"; };
		1BC5FA8E241106010015AFDE /* SearchViewController.swift */ = {isa = PBXFileReference; lastKnownFileType = sourcecode.swift; path = SearchViewController.swift; sourceTree = "<group>"; };
		1BC5FA9224112B9E0015AFDE /* restaurantslistViewController.swift */ = {isa = PBXFileReference; lastKnownFileType = sourcecode.swift; path = restaurantslistViewController.swift; sourceTree = "<group>"; };
		1BDFA6A8240FD763002B8B2B /* StartPageViewController.swift */ = {isa = PBXFileReference; lastKnownFileType = sourcecode.swift; path = StartPageViewController.swift; sourceTree = "<group>"; };
		1BDFA6AA240FDABA002B8B2B /* TableViewCell.swift */ = {isa = PBXFileReference; lastKnownFileType = sourcecode.swift; path = TableViewCell.swift; sourceTree = "<group>"; };
		1BDFA6AB240FDABA002B8B2B /* TableViewCell.xib */ = {isa = PBXFileReference; lastKnownFileType = file.xib; path = TableViewCell.xib; sourceTree = "<group>"; };
		1BDFA6AE240FDD5D002B8B2B /* WelcomeBackViewController.swift */ = {isa = PBXFileReference; lastKnownFileType = sourcecode.swift; path = WelcomeBackViewController.swift; sourceTree = "<group>"; };
		1BDFA6B0240FDD84002B8B2B /* CreateNewAccountViewController.swift */ = {isa = PBXFileReference; lastKnownFileType = sourcecode.swift; path = CreateNewAccountViewController.swift; sourceTree = "<group>"; };
		1BDFA6B2240FDE07002B8B2B /* HomeViewController.swift */ = {isa = PBXFileReference; lastKnownFileType = sourcecode.swift; path = HomeViewController.swift; sourceTree = "<group>"; };
		9C171B3C379129BE463DF44C /* Pods-Catering.debug.xcconfig */ = {isa = PBXFileReference; includeInIndex = 1; lastKnownFileType = text.xcconfig; name = "Pods-Catering.debug.xcconfig"; path = "Target Support Files/Pods-Catering/Pods-Catering.debug.xcconfig"; sourceTree = "<group>"; };
		B4D227F23582B9A07137C036 /* Pods-Catering.release.xcconfig */ = {isa = PBXFileReference; includeInIndex = 1; lastKnownFileType = text.xcconfig; name = "Pods-Catering.release.xcconfig"; path = "Target Support Files/Pods-Catering/Pods-Catering.release.xcconfig"; sourceTree = "<group>"; };
		C5F6C042CFCB149B690A208B /* Pods_Catering.framework */ = {isa = PBXFileReference; explicitFileType = wrapper.framework; includeInIndex = 0; path = Pods_Catering.framework; sourceTree = BUILT_PRODUCTS_DIR; };
/* End PBXFileReference section */

/* Begin PBXFrameworksBuildPhase section */
		1B22B1BF240E8F6C00A7FEE3 /* Frameworks */ = {
			isa = PBXFrameworksBuildPhase;
			buildActionMask = 2147483647;
			files = (
				E009957FE773517FE22FD9A1 /* Pods_Catering.framework in Frameworks */,
			);
			runOnlyForDeploymentPostprocessing = 0;
		};
/* End PBXFrameworksBuildPhase section */

/* Begin PBXGroup section */
		1B22B1B9240E8F6C00A7FEE3 = {
			isa = PBXGroup;
			children = (
				1B22B1C4240E8F6C00A7FEE3 /* Catering */,
				1B22B1C3240E8F6C00A7FEE3 /* Products */,
				DFCCFFFD3DFC68ECF33DA388 /* Pods */,
				AFBFF0B2FCCC030F75A7FD87 /* Frameworks */,
			);
			sourceTree = "<group>";
		};
		1B22B1C3240E8F6C00A7FEE3 /* Products */ = {
			isa = PBXGroup;
			children = (
				1B22B1C2240E8F6C00A7FEE3 /* Catering.app */,
			);
			name = Products;
			sourceTree = "<group>";
		};
		1B22B1C4240E8F6C00A7FEE3 /* Catering */ = {
			isa = PBXGroup;
			children = (
				1B22B1C5240E8F6C00A7FEE3 /* AppDelegate.swift */,
				1B22B1C7240E8F6C00A7FEE3 /* SceneDelegate.swift */,
				1B074D1F244A07BE0000E4A3 /* TimelineViewCell.swift */,
				1B4D02EF2454B9E5001CDFCD /* GoogleService-Info.plist */,
				1B074D20244A07BE0000E4A3 /* TimelineViewCell.xib */,
				1B22B1C9240E8F6C00A7FEE3 /* ViewController.swift */,
				1B22B1CB240E8F6C00A7FEE3 /* Main.storyboard */,
				1B22B1CE240E8F6D00A7FEE3 /* Assets.xcassets */,
				1B22B1D0240E8F6D00A7FEE3 /* LaunchScreen.storyboard */,
				1B22B1D3240E8F6D00A7FEE3 /* Info.plist */,
				1BDFA6A8240FD763002B8B2B /* StartPageViewController.swift */,
				1BDFA6AA240FDABA002B8B2B /* TableViewCell.swift */,
				1BDFA6AB240FDABA002B8B2B /* TableViewCell.xib */,
				1BDFA6AE240FDD5D002B8B2B /* WelcomeBackViewController.swift */,
				1BDFA6B0240FDD84002B8B2B /* CreateNewAccountViewController.swift */,
				1BDFA6B2240FDE07002B8B2B /* HomeViewController.swift */,
				1BC5FA8E241106010015AFDE /* SearchViewController.swift */,
				1BC5FA9224112B9E0015AFDE /* restaurantslistViewController.swift */,
				1B30A4CE24125729006816DC /* RestaurantsTableViewCell.swift */,
				1B30A4CF24125729006816DC /* RestaurantsTableViewCell.xib */,
				1B45F11924408A0100CB749B /* CollectionViewCell.swift */,
				1B45F11A24408A0100CB749B /* CollectionViewCell.xib */,
			);
			path = Catering;
			sourceTree = "<group>";
		};
		AFBFF0B2FCCC030F75A7FD87 /* Frameworks */ = {
			isa = PBXGroup;
			children = (
				C5F6C042CFCB149B690A208B /* Pods_Catering.framework */,
			);
			name = Frameworks;
			sourceTree = "<group>";
		};
		DFCCFFFD3DFC68ECF33DA388 /* Pods */ = {
			isa = PBXGroup;
			children = (
				9C171B3C379129BE463DF44C /* Pods-Catering.debug.xcconfig */,
				B4D227F23582B9A07137C036 /* Pods-Catering.release.xcconfig */,
			);
			name = Pods;
			path = Pods;
			sourceTree = "<group>";
		};
/* End PBXGroup section */

/* Begin PBXNativeTarget section */
		1B22B1C1240E8F6C00A7FEE3 /* Catering */ = {
			isa = PBXNativeTarget;
			buildConfigurationList = 1B22B1D6240E8F6D00A7FEE3 /* Build configuration list for PBXNativeTarget "Catering" */;
			buildPhases = (
				49D80B643477A4BCE32429DB /* [CP] Check Pods Manifest.lock */,
				1B22B1BE240E8F6C00A7FEE3 /* Sources */,
				1B22B1BF240E8F6C00A7FEE3 /* Frameworks */,
				1B22B1C0240E8F6C00A7FEE3 /* Resources */,
				F41E144A0580D440C0FD8CB6 /* [CP] Embed Pods Frameworks */,
			);
			buildRules = (
			);
			dependencies = (
			);
			name = Catering;
			productName = Catering;
			productReference = 1B22B1C2240E8F6C00A7FEE3 /* Catering.app */;
			productType = "com.apple.product-type.application";
		};
/* End PBXNativeTarget section */

/* Begin PBXProject section */
		1B22B1BA240E8F6C00A7FEE3 /* Project object */ = {
			isa = PBXProject;
			attributes = {
				LastSwiftUpdateCheck = 1130;
				LastUpgradeCheck = 1130;
				ORGANIZATIONNAME = "Sky-Angel";
				TargetAttributes = {
					1B22B1C1240E8F6C00A7FEE3 = {
						CreatedOnToolsVersion = 11.3.1;
					};
				};
			};
			buildConfigurationList = 1B22B1BD240E8F6C00A7FEE3 /* Build configuration list for PBXProject "Catering" */;
			compatibilityVersion = "Xcode 9.3";
			developmentRegion = en;
			hasScannedForEncodings = 0;
			knownRegions = (
				en,
				Base,
			);
			mainGroup = 1B22B1B9240E8F6C00A7FEE3;
			productRefGroup = 1B22B1C3240E8F6C00A7FEE3 /* Products */;
			projectDirPath = "";
			projectRoot = "";
			targets = (
				1B22B1C1240E8F6C00A7FEE3 /* Catering */,
			);
		};
/* End PBXProject section */

/* Begin PBXResourcesBuildPhase section */
		1B22B1C0240E8F6C00A7FEE3 /* Resources */ = {
			isa = PBXResourcesBuildPhase;
			buildActionMask = 2147483647;
			files = (
				1B22B1D2240E8F6D00A7FEE3 /* LaunchScreen.storyboard in Resources */,
				1B4D02F02454B9E5001CDFCD /* GoogleService-Info.plist in Resources */,
				1BDFA6AD240FDABA002B8B2B /* TableViewCell.xib in Resources */,
				1B45F11C24408A0100CB749B /* CollectionViewCell.xib in Resources */,
				1B30A4D124125729006816DC /* RestaurantsTableViewCell.xib in Resources */,
				1B22B1CF240E8F6D00A7FEE3 /* Assets.xcassets in Resources */,
				1B074D22244A07BE0000E4A3 /* TimelineViewCell.xib in Resources */,
				1B22B1CD240E8F6C00A7FEE3 /* Main.storyboard in Resources */,
			);
			runOnlyForDeploymentPostprocessing = 0;
		};
/* End PBXResourcesBuildPhase section */

/* Begin PBXShellScriptBuildPhase section */
		49D80B643477A4BCE32429DB /* [CP] Check Pods Manifest.lock */ = {
			isa = PBXShellScriptBuildPhase;
			buildActionMask = 2147483647;
			files = (
			);
			inputFileListPaths = (
			);
			inputPaths = (
				"${PODS_PODFILE_DIR_PATH}/Podfile.lock",
				"${PODS_ROOT}/Manifest.lock",
			);
			name = "[CP] Check Pods Manifest.lock";
			outputFileListPaths = (
			);
			outputPaths = (
				"$(DERIVED_FILE_DIR)/Pods-Catering-checkManifestLockResult.txt",
			);
			runOnlyForDeploymentPostprocessing = 0;
			shellPath = /bin/sh;
			shellScript = "diff \"${PODS_PODFILE_DIR_PATH}/Podfile.lock\" \"${PODS_ROOT}/Manifest.lock\" > /dev/null\nif [ $? != 0 ] ; then\n    # print error to STDERR\n    echo \"error: The sandbox is not in sync with the Podfile.lock. Run 'pod install' or update your CocoaPods installation.\" >&2\n    exit 1\nfi\n# This output is used by Xcode 'outputs' to avoid re-running this script phase.\necho \"SUCCESS\" > \"${SCRIPT_OUTPUT_FILE_0}\"\n";
			showEnvVarsInLog = 0;
		};
		F41E144A0580D440C0FD8CB6 /* [CP] Embed Pods Frameworks */ = {
			isa = PBXShellScriptBuildPhase;
			buildActionMask = 2147483647;
			files = (
			);
			inputFileListPaths = (
				"${PODS_ROOT}/Target Support Files/Pods-Catering/Pods-Catering-frameworks-${CONFIGURATION}-input-files.xcfilelist",
			);
			name = "[CP] Embed Pods Frameworks";
			outputFileListPaths = (
				"${PODS_ROOT}/Target Support Files/Pods-Catering/Pods-Catering-frameworks-${CONFIGURATION}-output-files.xcfilelist",
			);
			runOnlyForDeploymentPostprocessing = 0;
			shellPath = /bin/sh;
			shellScript = "\"${PODS_ROOT}/Target Support Files/Pods-Catering/Pods-Catering-frameworks.sh\"\n";
			showEnvVarsInLog = 0;
		};
/* End PBXShellScriptBuildPhase section */

/* Begin PBXSourcesBuildPhase section */
		1B22B1BE240E8F6C00A7FEE3 /* Sources */ = {
			isa = PBXSourcesBuildPhase;
			buildActionMask = 2147483647;
			files = (
				1B074D21244A07BE0000E4A3 /* TimelineViewCell.swift in Sources */,
				1BDFA6AF240FDD5D002B8B2B /* WelcomeBackViewController.swift in Sources */,
				1BDFA6AC240FDABA002B8B2B /* TableViewCell.swift in Sources */,
				1B45F11B24408A0100CB749B /* CollectionViewCell.swift in Sources */,
				1B30A4D024125729006816DC /* RestaurantsTableViewCell.swift in Sources */,
				1B22B1CA240E8F6C00A7FEE3 /* ViewController.swift in Sources */,
				1BC5FA8F241106010015AFDE /* SearchViewController.swift in Sources */,
				1BDFA6B3240FDE07002B8B2B /* HomeViewController.swift in Sources */,
				1BC5FA9324112B9E0015AFDE /* restaurantslistViewController.swift in Sources */,
				1BDFA6B1240FDD84002B8B2B /* CreateNewAccountViewController.swift in Sources */,
				1B22B1C6240E8F6C00A7FEE3 /* AppDelegate.swift in Sources */,
				1BDFA6A9240FD763002B8B2B /* StartPageViewController.swift in Sources */,
				1B22B1C8240E8F6C00A7FEE3 /* SceneDelegate.swift in Sources */,
			);
			runOnlyForDeploymentPostprocessing = 0;
		};
/* End PBXSourcesBuildPhase section */

/* Begin PBXVariantGroup section */
		1B22B1CB240E8F6C00A7FEE3 /* Main.storyboard */ = {
			isa = PBXVariantGroup;
			children = (
				1B22B1CC240E8F6C00A7FEE3 /* Base */,
			);
			name = Main.storyboard;
			sourceTree = "<group>";
		};
		1B22B1D0240E8F6D00A7FEE3 /* LaunchScreen.storyboard */ = {
			isa = PBXVariantGroup;
			children = (
				1B22B1D1240E8F6D00A7FEE3 /* Base */,
			);
			name = LaunchScreen.storyboard;
			sourceTree = "<group>";
		};
/* End PBXVariantGroup section */

/* Begin XCBuildConfiguration section */
		1B22B1D4240E8F6D00A7FEE3 /* Debug */ = {
			isa = XCBuildConfiguration;
			buildSettings = {
				ALWAYS_SEARCH_USER_PATHS = NO;
				CLANG_ANALYZER_NONNULL = YES;
				CLANG_ANALYZER_NUMBER_OBJECT_CONVERSION = YES_AGGRESSIVE;
				CLANG_CXX_LANGUAGE_STANDARD = "gnu++14";
				CLANG_CXX_LIBRARY = "libc++";
				CLANG_ENABLE_MODULES = YES;
				CLANG_ENABLE_OBJC_ARC = YES;
				CLANG_ENABLE_OBJC_WEAK = YES;
				CLANG_WARN_BLOCK_CAPTURE_AUTORELEASING = YES;
				CLANG_WARN_BOOL_CONVERSION = YES;
				CLANG_WARN_COMMA = YES;
				CLANG_WARN_CONSTANT_CONVERSION = YES;
				CLANG_WARN_DEPRECATED_OBJC_IMPLEMENTATIONS = YES;
				CLANG_WARN_DIRECT_OBJC_ISA_USAGE = YES_ERROR;
				CLANG_WARN_DOCUMENTATION_COMMENTS = YES;
				CLANG_WARN_EMPTY_BODY = YES;
				CLANG_WARN_ENUM_CONVERSION = YES;
				CLANG_WARN_INFINITE_RECURSION = YES;
				CLANG_WARN_INT_CONVERSION = YES;
				CLANG_WARN_NON_LITERAL_NULL_CONVERSION = YES;
				CLANG_WARN_OBJC_IMPLICIT_RETAIN_SELF = YES;
				CLANG_WARN_OBJC_LITERAL_CONVERSION = YES;
				CLANG_WARN_OBJC_ROOT_CLASS = YES_ERROR;
				CLANG_WARN_RANGE_LOOP_ANALYSIS = YES;
				CLANG_WARN_STRICT_PROTOTYPES = YES;
				CLANG_WARN_SUSPICIOUS_MOVE = YES;
				CLANG_WARN_UNGUARDED_AVAILABILITY = YES_AGGRESSIVE;
				CLANG_WARN_UNREACHABLE_CODE = YES;
				CLANG_WARN__DUPLICATE_METHOD_MATCH = YES;
				COPY_PHASE_STRIP = NO;
				DEBUG_INFORMATION_FORMAT = dwarf;
				ENABLE_STRICT_OBJC_MSGSEND = YES;
				ENABLE_TESTABILITY = YES;
				GCC_C_LANGUAGE_STANDARD = gnu11;
				GCC_DYNAMIC_NO_PIC = NO;
				GCC_NO_COMMON_BLOCKS = YES;
				GCC_OPTIMIZATION_LEVEL = 0;
				GCC_PREPROCESSOR_DEFINITIONS = (
					"DEBUG=1",
					"$(inherited)",
				);
				GCC_WARN_64_TO_32_BIT_CONVERSION = YES;
				GCC_WARN_ABOUT_RETURN_TYPE = YES_ERROR;
				GCC_WARN_UNDECLARED_SELECTOR = YES;
				GCC_WARN_UNINITIALIZED_AUTOS = YES_AGGRESSIVE;
				GCC_WARN_UNUSED_FUNCTION = YES;
				GCC_WARN_UNUSED_VARIABLE = YES;
				IPHONEOS_DEPLOYMENT_TARGET = 13.2;
				MTL_ENABLE_DEBUG_INFO = INCLUDE_SOURCE;
				MTL_FAST_MATH = YES;
				ONLY_ACTIVE_ARCH = YES;
				SDKROOT = iphoneos;
				SWIFT_ACTIVE_COMPILATION_CONDITIONS = DEBUG;
				SWIFT_OPTIMIZATION_LEVEL = "-Onone";
			};
			name = Debug;
		};
		1B22B1D5240E8F6D00A7FEE3 /* Release */ = {
			isa = XCBuildConfiguration;
			buildSettings = {
				ALWAYS_SEARCH_USER_PATHS = NO;
				CLANG_ANALYZER_NONNULL = YES;
				CLANG_ANALYZER_NUMBER_OBJECT_CONVERSION = YES_AGGRESSIVE;
				CLANG_CXX_LANGUAGE_STANDARD = "gnu++14";
				CLANG_CXX_LIBRARY = "libc++";
				CLANG_ENABLE_MODULES = YES;
				CLANG_ENABLE_OBJC_ARC = YES;
				CLANG_ENABLE_OBJC_WEAK = YES;
				CLANG_WARN_BLOCK_CAPTURE_AUTORELEASING = YES;
				CLANG_WARN_BOOL_CONVERSION = YES;
				CLANG_WARN_COMMA = YES;
				CLANG_WARN_CONSTANT_CONVERSION = YES;
				CLANG_WARN_DEPRECATED_OBJC_IMPLEMENTATIONS = YES;
				CLANG_WARN_DIRECT_OBJC_ISA_USAGE = YES_ERROR;
				CLANG_WARN_DOCUMENTATION_COMMENTS = YES;
				CLANG_WARN_EMPTY_BODY = YES;
				CLANG_WARN_ENUM_CONVERSION = YES;
				CLANG_WARN_INFINITE_RECURSION = YES;
				CLANG_WARN_INT_CONVERSION = YES;
				CLANG_WARN_NON_LITERAL_NULL_CONVERSION = YES;
				CLANG_WARN_OBJC_IMPLICIT_RETAIN_SELF = YES;
				CLANG_WARN_OBJC_LITERAL_CONVERSION = YES;
				CLANG_WARN_OBJC_ROOT_CLASS = YES_ERROR;
				CLANG_WARN_RANGE_LOOP_ANALYSIS = YES;
				CLANG_WARN_STRICT_PROTOTYPES = YES;
				CLANG_WARN_SUSPICIOUS_MOVE = YES;
				CLANG_WARN_UNGUARDED_AVAILABILITY = YES_AGGRESSIVE;
				CLANG_WARN_UNREACHABLE_CODE = YES;
				CLANG_WARN__DUPLICATE_METHOD_MATCH = YES;
				COPY_PHASE_STRIP = NO;
				DEBUG_INFORMATION_FORMAT = "dwarf-with-dsym";
				ENABLE_NS_ASSERTIONS = NO;
				ENABLE_STRICT_OBJC_MSGSEND = YES;
				GCC_C_LANGUAGE_STANDARD = gnu11;
				GCC_NO_COMMON_BLOCKS = YES;
				GCC_WARN_64_TO_32_BIT_CONVERSION = YES;
				GCC_WARN_ABOUT_RETURN_TYPE = YES_ERROR;
				GCC_WARN_UNDECLARED_SELECTOR = YES;
				GCC_WARN_UNINITIALIZED_AUTOS = YES_AGGRESSIVE;
				GCC_WARN_UNUSED_FUNCTION = YES;
				GCC_WARN_UNUSED_VARIABLE = YES;
				IPHONEOS_DEPLOYMENT_TARGET = 13.2;
				MTL_ENABLE_DEBUG_INFO = NO;
				MTL_FAST_MATH = YES;
				SDKROOT = iphoneos;
				SWIFT_COMPILATION_MODE = wholemodule;
				SWIFT_OPTIMIZATION_LEVEL = "-O";
				VALIDATE_PRODUCT = YES;
			};
			name = Release;
		};
		1B22B1D7240E8F6D00A7FEE3 /* Debug */ = {
			isa = XCBuildConfiguration;
			baseConfigurationReference = 9C171B3C379129BE463DF44C /* Pods-Catering.debug.xcconfig */;
			buildSettings = {
				ASSETCATALOG_COMPILER_APPICON_NAME = AppIcon;
				CODE_SIGN_STYLE = Automatic;
				DEVELOPMENT_TEAM = 979976L4RG;
				INFOPLIST_FILE = Catering/Info.plist;
				LD_RUNPATH_SEARCH_PATHS = (
					"$(inherited)",
					"@executable_path/Frameworks",
				);
				PRODUCT_BUNDLE_IDENTIFIER = com.google.makeyourselfupgrade.Catering;
				PRODUCT_NAME = "$(TARGET_NAME)";
				SWIFT_VERSION = 5.0;
				TARGETED_DEVICE_FAMILY = "1,2";
			};
			name = Debug;
		};
		1B22B1D8240E8F6D00A7FEE3 /* Release */ = {
			isa = XCBuildConfiguration;
			baseConfigurationReference = B4D227F23582B9A07137C036 /* Pods-Catering.release.xcconfig */;
			buildSettings = {
				ASSETCATALOG_COMPILER_APPICON_NAME = AppIcon;
				CODE_SIGN_STYLE = Automatic;
				DEVELOPMENT_TEAM = 979976L4RG;
				INFOPLIST_FILE = Catering/Info.plist;
				LD_RUNPATH_SEARCH_PATHS = (
					"$(inherited)",
					"@executable_path/Frameworks",
				);
				PRODUCT_BUNDLE_IDENTIFIER = com.google.makeyourselfupgrade.Catering;
				PRODUCT_NAME = "$(TARGET_NAME)";
				SWIFT_VERSION = 5.0;
				TARGETED_DEVICE_FAMILY = "1,2";
			};
			name = Release;
		};
/* End XCBuildConfiguration section */

/* Begin XCConfigurationList section */
		1B22B1BD240E8F6C00A7FEE3 /* Build configuration list for PBXProject "Catering" */ = {
			isa = XCConfigurationList;
			buildConfigurations = (
				1B22B1D4240E8F6D00A7FEE3 /* Debug */,
				1B22B1D5240E8F6D00A7FEE3 /* Release */,
			);
			defaultConfigurationIsVisible = 0;
			defaultConfigurationName = Release;
		};
		1B22B1D6240E8F6D00A7FEE3 /* Build configuration list for PBXNativeTarget "Catering" */ = {
			isa = XCConfigurationList;
			buildConfigurations = (
				1B22B1D7240E8F6D00A7FEE3 /* Debug */,
				1B22B1D8240E8F6D00A7FEE3 /* Release */,
			);
			defaultConfigurationIsVisible = 0;
			defaultConfigurationName = Release;
		};
/* End XCConfigurationList section */
	};
	rootObject = 1B22B1BA240E8F6C00A7FEE3 /* Project object */;
}
